
Microsoft Visual Studio Solution File, Format Version 12.00
# Visual Studio Version 16
VisualStudioVersion = 16.0.32602.291
MinimumVisualStudioVersion = 10.0.40219.1
Project("{FAE04EC0-301F-11D3-BF4B-00C04F79EFBC}") = "Estudo_TDD", "..\Estudo_TDD_API\Estudo_TDD\Estudo_TDD.csproj", "{6AFF5C7F-9F03-46EC-ACC6-E0FD43893AD3}"
EndProject
Project("{FAE04EC0-301F-11D3-BF4B-00C04F79EFBC}") = "TestProject", "TestProject\TestProject.csproj", "{AF372830-2188-48C4-A172-C66378451ECA}"
EndProject
Project("{FAE04EC0-301F-11D3-BF4B-00C04F79EFBC}") = "ClassLibrary_TDD", "ClassLibrary_TDD\ClassLibrary_TDD.csproj", "{1FF788CF-EC1D-4B52-B41F-B75C5B9A99C2}"
EndProject
Global
	GlobalSection(SolutionConfigurationPlatforms) = preSolution
		Debug|Any CPU = Debug|Any CPU
		Release|Any CPU = Release|Any CPU
	EndGlobalSection
	GlobalSection(ProjectConfigurationPlatforms) = postSolution
		{6AFF5C7F-9F03-46EC-ACC6-E0FD43893AD3}.Debug|Any CPU.ActiveCfg = Debug|Any CPU
		{6AFF5C7F-9F03-46EC-ACC6-E0FD43893AD3}.Debug|Any CPU.Build.0 = Debug|Any CPU
		{6AFF5C7F-9F03-46EC-ACC6-E0FD43893AD3}.Release|Any CPU.ActiveCfg = Release|Any CPU
		{6AFF5C7F-9F03-46EC-ACC6-E0FD43893AD3}.Release|Any CPU.Build.0 = Release|Any CPU
		{AF372830-2188-48C4-A172-C66378451ECA}.Debug|Any CPU.ActiveCfg = Debug|Any CPU
		{AF372830-2188-48C4-A172-C66378451ECA}.Debug|Any CPU.Build.0 = Debug|Any CPU
		{AF372830-2188-48C4-A172-C66378451ECA}.Release|Any CPU.ActiveCfg = Release|Any CPU
		{AF372830-2188-48C4-A172-C66378451ECA}.Release|Any CPU.Build.0 = Release|Any CPU
		{1FF788CF-EC1D-4B52-B41F-B75C5B9A99C2}.Debug|Any CPU.ActiveCfg = Debug|Any CPU
		{1FF788CF-EC1D-4B52-B41F-B75C5B9A99C2}.Debug|Any CPU.Build.0 = Debug|Any CPU
		{1FF788CF-EC1D-4B52-B41F-B75C5B9A99C2}.Release|Any CPU.ActiveCfg = Release|Any CPU
		{1FF788CF-EC1D-4B52-B41F-B75C5B9A99C2}.Release|Any CPU.Build.0 = Release|Any CPU
	EndGlobalSection
	GlobalSection(SolutionProperties) = preSolution
		HideSolutionNode = FALSE
	EndGlobalSection
	GlobalSection(ExtensibilityGlobals) = postSolution
		SolutionGuid = {F50DF105-F682-4447-9C9E-A559E96E1CEC}
	EndGlobalSection
EndGlobal
